
Microsoft Visual Studio Solution File, Format Version 12.00
Project("{FAE04EC0-301F-11D3-BF4B-00C04F79EFBC}") = "TigerAnalyzerApp.Web", "TigerAnalyzerApp\TigerAnalyzerApp.Web\TigerAnalyzerApp.Web.csproj", "{1735FF7E-E1E9-46C5-84CB-98467AC03008}"
EndProject
Project("{FAE04EC0-301F-11D3-BF4B-00C04F79EFBC}") = "TigerAnalyzerApp", "TigerAnalyzerApp\TigerAnalyzerApp\TigerAnalyzerApp.csproj", "{A9632B72-565F-44CB-A87F-114730C5FAFF}"
EndProject
Project("{FAE04EC0-301F-11D3-BF4B-00C04F79EFBC}") = "TigerAnalyzerApp.NetCore", "TigerAnalyzerApp\TigerAnalyzerApp.NetCore\TigerAnalyzerApp.NetCore.csproj", "{A0DC6C01-F0C4-45D3-9B56-8ECA99BF501B}"
EndProject
Global
	GlobalSection(SolutionConfigurationPlatforms) = preSolution
		Debug|Any CPU = Debug|Any CPU
		Release|Any CPU = Release|Any CPU
	EndGlobalSection
	GlobalSection(ProjectConfigurationPlatforms) = postSolution
		{1735FF7E-E1E9-46C5-84CB-98467AC03008}.Debug|Any CPU.ActiveCfg = Debug|Any CPU
		{1735FF7E-E1E9-46C5-84CB-98467AC03008}.Debug|Any CPU.Build.0 = Debug|Any CPU
		{1735FF7E-E1E9-46C5-84CB-98467AC03008}.Release|Any CPU.ActiveCfg = Release|Any CPU
		{1735FF7E-E1E9-46C5-84CB-98467AC03008}.Release|Any CPU.Build.0 = Release|Any CPU
		{A9632B72-565F-44CB-A87F-114730C5FAFF}.Debug|Any CPU.ActiveCfg = Debug|Any CPU
		{A9632B72-565F-44CB-A87F-114730C5FAFF}.Debug|Any CPU.Build.0 = Debug|Any CPU
		{A9632B72-565F-44CB-A87F-114730C5FAFF}.Release|Any CPU.ActiveCfg = Release|Any CPU
		{A9632B72-565F-44CB-A87F-114730C5FAFF}.Release|Any CPU.Build.0 = Release|Any CPU
		{A0DC6C01-F0C4-45D3-9B56-8ECA99BF501B}.Debug|Any CPU.ActiveCfg = Debug|Any CPU
		{A0DC6C01-F0C4-45D3-9B56-8ECA99BF501B}.Debug|Any CPU.Build.0 = Debug|Any CPU
		{A0DC6C01-F0C4-45D3-9B56-8ECA99BF501B}.Release|Any CPU.ActiveCfg = Release|Any CPU
		{A0DC6C01-F0C4-45D3-9B56-8ECA99BF501B}.Release|Any CPU.Build.0 = Release|Any CPU
	EndGlobalSection
EndGlobal
